{
  "name": "PR-target-history-changed",
  "lockfileVersion": 3,
  "requires": true,
  "packages": {
    "": {
      "dependencies": {
        "ignore": "7.0.12",
        "lodash": "4.17.20"
      }
    },
    "node_modules/ignore": {
      "version": "7.0.12",
      "resolved": "https://registry.npmjs.org/ignore/-/ignore-7.0.12.tgz",
      "integrity": "sha512-/8UvqAPU9DGTI9k4mxtf49U37Isfwr8Uts96+SBHIkFxPJnHS0Ew4f00sM4Scd8V8EjM0jUNtVDdv1kPdt35lg==",
      "license": "MIT",
      "engines": {
        "node": ">= 4"
      }
    },
    "node_modules/lodash": {
      "version": "4.17.20",
      "resolved": "https://registry.npmjs.org/lodash/-/lodash-4.17.20.tgz",
      "integrity": "sha512-PlhdFcillOINfeV7Ni6oF1TAEayyZBoZ8bcshTHqOYJYlrqzRK5hagpagky5o4HfCzzd1TRkXPMFq6cKk9rGmA==",
      "license": "MIT"
    }
  }
}
