{
  "name": "PR-target-history-changed",
  "lockfileVersion": 3,
  "requires": true,
  "packages": {
    "": {
      "dependencies": {
        "ignore": "7.0.10",
        "lodash": "4.17.20"
      }
    },
    "node_modules/ignore": {
      "version": "7.0.10",
      "resolved": "https://registry.npmjs.org/ignore/-/ignore-7.0.10.tgz",
      "integrity": "sha512-HpbUakT7xp5miBUywCHf36ZEuAJNklBJDDsGpUIjMzOSmM8ELSfA9Sa/QDPeNeqeoN31u+UTCkL4klCOVvRm4Q==",
      "license": "MIT",
      "engines": {
        "node": ">= 4"
      }
    },
    "node_modules/lodash": {
      "version": "4.17.20",
      "resolved": "https://registry.npmjs.org/lodash/-/lodash-4.17.20.tgz",
      "integrity": "sha512-PlhdFcillOINfeV7Ni6oF1TAEayyZBoZ8bcshTHqOYJYlrqzRK5hagpagky5o4HfCzzd1TRkXPMFq6cKk9rGmA==",
      "license": "MIT"
    }
  }
}
