{
  "name": "PR-target-history-changed",
  "lockfileVersion": 3,
  "requires": true,
  "packages": {
    "": {
      "dependencies": {
        "ignore": "5.1.0",
        "lodash": "4.17.20"
      }
    },
    "node_modules/ignore": {
      "version": "5.1.0",
      "resolved": "https://registry.npmjs.org/ignore/-/ignore-5.1.0.tgz",
      "integrity": "sha512-dJEmMwloo0gq40chdtDmE4tMp67ZGwN7MFTgjNqWi2VHEi5Ya6JkuvPWasjcAIm7lg+2if8xxn5R199wspcplg==",
      "license": "MIT",
      "engines": {
        "node": ">= 4"
      }
    },
    "node_modules/lodash": {
      "version": "4.17.20",
      "resolved": "https://registry.npmjs.org/lodash/-/lodash-4.17.20.tgz",
      "integrity": "sha512-PlhdFcillOINfeV7Ni6oF1TAEayyZBoZ8bcshTHqOYJYlrqzRK5hagpagky5o4HfCzzd1TRkXPMFq6cKk9rGmA==",
      "license": "MIT"
    }
  }
}
